
Microsoft Visual Studio Solution File, Format Version 12.00
# Visual Studio Version 17
VisualStudioVersion = 17.11.35312.102
MinimumVisualStudioVersion = 10.0.40219.1
Project("{FAE04EC0-301F-11D3-BF4B-00C04F79EFBC}") = "Calculator", "Calculator.csproj", "{BE0C40E7-5ADA-453B-A980-B3F10E40731F}"
EndProject
Global
	GlobalSection(SolutionConfigurationPlatforms) = preSolution
		Debug|Any CPU = Debug|Any CPU
		Release|Any CPU = Release|Any CPU
	EndGlobalSection
	GlobalSection(ProjectConfigurationPlatforms) = postSolution
		{BE0C40E7-5ADA-453B-A980-B3F10E40731F}.Debug|Any CPU.ActiveCfg = Debug|Any CPU
		{BE0C40E7-5ADA-453B-A980-B3F10E40731F}.Debug|Any CPU.Build.0 = Debug|Any CPU
		{BE0C40E7-5ADA-453B-A980-B3F10E40731F}.Release|Any CPU.ActiveCfg = Release|Any CPU
		{BE0C40E7-5ADA-453B-A980-B3F10E40731F}.Release|Any CPU.Build.0 = Release|Any CPU
	EndGlobalSection
	GlobalSection(SolutionProperties) = preSolution
		HideSolutionNode = FALSE
	EndGlobalSection
	GlobalSection(ExtensibilityGlobals) = postSolution
		SolutionGuid = {3AAB8F94-8C58-4F8B-8FC5-EC79CC00B5A9}
	EndGlobalSection
EndGlobal
